{
  "name": "@kagarisoft/gmvu-cli",
  "version": "1.0.0-beta",
  "lockfileVersion": 2,
  "requires": true,
  "packages": {
    "": {
      "name": "@kagarisoft/gmvu-cli",
      "version": "1.0.0-beta",
      "license": "MIT",
      "dependencies": {
        "logger": "0.0.1",
        "make-cli": "2.0.15"
      },
      "bin": {
        "gmvu": "bin/index.js"
      }
    },
    "node_modules/@dword-design/dedent": {
      "version": "0.7.0",
      "resolved": "https://registry.npmjs.org/@dword-design/dedent/-/dedent-0.7.0.tgz",
      "integrity": "sha512-OFmAmzKiDUh9m7WRMYcoEOPI7b5tS5hdqQmtKDwF+ZssVJv8a+GHo9VOtFsmlw3h8Roh/9QzFWIsjSFZyQUMdg==",
      "dependencies": {
        "babel-plugin-add-module-exports": "^1.0.2"
      }
    },
    "node_modules/@dword-design/endent": {
      "version": "1.4.1",
      "resolved": "https://registry.npmjs.org/@dword-design/endent/-/endent-1.4.1.tgz",
      "integrity": "sha512-e2sCTzth5kyRdM0o+yEb5wBVzUdJL8Y6HblRGRV0Bif0knf1ZjRLhUjdCrqM+Muirb68X/xJzgdRDJVmLqgXGA==",
      "dependencies": {
        "@dword-design/dedent": "^0.7.0",
        "fast-json-parse": "^1.0.3",
        "objectorarray": "^1.0.3"
      }
    },
    "node_modules/@dword-design/functions": {
      "version": "4.1.0",
      "resolved": "https://registry.npmjs.org/@dword-design/functions/-/functions-4.1.0.tgz",
      "integrity": "sha512-rPNYH6mADaPMFRoROaHSvnFWExacY7t9oq45Jw++37mqsQay0IX4aHqfAsmWbJPU/wyx1LkqKvNI+mizzpjpYA==",
      "dependencies": {
        "@dword-design/endent": "^1.0.0",
        "delay": "^5.0.0",
        "lodash": "^4.17.15",
        "tinycolor2": "^1.4.1"
      },
      "engines": {
        "node": ">=12"
      },
      "funding": {
        "url": "https://github.com/sponsors/dword-design"
      }
    },
    "node_modules/babel-plugin-add-module-exports": {
      "version": "1.0.4",
      "resolved": "https://registry.npmjs.org/babel-plugin-add-module-exports/-/babel-plugin-add-module-exports-1.0.4.tgz",
      "integrity": "sha512-g+8yxHUZ60RcyaUpfNzy56OtWW+x9cyEe9j+CranqLiqbju2yf/Cy6ZtYK40EZxtrdHllzlVZgLmcOUCTlJ7Jg=="
    },
    "node_modules/commander": {
      "version": "8.3.0",
      "resolved": "https://registry.npmjs.org/commander/-/commander-8.3.0.tgz",
      "integrity": "sha512-OkTL9umf+He2DZkUq8f8J9of7yL6RJKI24dVITBmNfZBmri9zYZQrKkuXiKhyfPSu8tUhnVBB1iKXevvnlR4Ww==",
      "engines": {
        "node": ">= 12"
      }
    },
    "node_modules/delay": {
      "version": "5.0.0",
      "resolved": "https://registry.npmjs.org/delay/-/delay-5.0.0.tgz",
      "integrity": "sha512-ReEBKkIfe4ya47wlPYf/gu5ib6yUG0/Aez0JQZQz94kiWtRQvZIQbTiehsnwHvLSWJnQdhVeqYue7Id1dKr0qw==",
      "engines": {
        "node": ">=10"
      },
      "funding": {
        "url": "https://github.com/sponsors/sindresorhus"
      }
    },
    "node_modules/fast-json-parse": {
      "version": "1.0.3",
      "resolved": "https://registry.npmjs.org/fast-json-parse/-/fast-json-parse-1.0.3.tgz",
      "integrity": "sha512-FRWsaZRWEJ1ESVNbDWmsAlqDk96gPQezzLghafp5J4GUKjbCz3OkAHuZs5TuPEtkbVQERysLp9xv6c24fBm8Aw=="
    },
    "node_modules/lodash": {
      "version": "4.17.21",
      "resolved": "https://registry.npmjs.org/lodash/-/lodash-4.17.21.tgz",
      "integrity": "sha512-v2kDEe57lecTulaDIuNTPy3Ry4gLGJ6Z1O3vE1krgXZNrsQ+LFTGHVxVjcXPs17LhbZVGedAJv8XZ1tvj5FvSg=="
    },
    "node_modules/logger": {
      "version": "0.0.1",
      "resolved": "https://registry.npmjs.org/logger/-/logger-0.0.1.tgz",
      "integrity": "sha512-UD45f4iZrsj6dQKt5QBN7K+R0hmFwGS8G+Pv8WtHjrnhrMQftIclma8b86mNtg1LKB6HDIOW/ZtjnXELBhr89w==",
      "engines": {
        "node": ">=0.1.90"
      }
    },
    "node_modules/make-cli": {
      "version": "2.0.15",
      "resolved": "https://registry.npmjs.org/make-cli/-/make-cli-2.0.15.tgz",
      "integrity": "sha512-IRg1mC4GoJDTfjGiZuwN9rdeBvskP91jiU4ZKgR+yHmO4XXuhlhh4EofPvP7sg+4FFl37wVnDmUO7pwnx11oqQ==",
      "dependencies": {
        "@dword-design/functions": "^4.0.0",
        "commander": "^8.0.0"
      },
      "engines": {
        "node": ">=12"
      },
      "funding": {
        "url": "https://github.com/sponsors/dword-design"
      }
    },
    "node_modules/objectorarray": {
      "version": "1.0.5",
      "resolved": "https://registry.npmjs.org/objectorarray/-/objectorarray-1.0.5.tgz",
      "integrity": "sha512-eJJDYkhJFFbBBAxeh8xW+weHlkI28n2ZdQV/J/DNfWfSKlGEf2xcfAbZTv3riEXHAhL9SVOTs2pRmXiSTf78xg=="
    },
    "node_modules/tinycolor2": {
      "version": "1.4.2",
      "resolved": "https://registry.npmjs.org/tinycolor2/-/tinycolor2-1.4.2.tgz",
      "integrity": "sha512-vJhccZPs965sV/L2sU4oRQVAos0pQXwsvTLkWYdqJ+a8Q5kPFzJTuOFwy7UniPli44NKQGAglksjvOcpo95aZA==",
      "engines": {
        "node": "*"
      }
    }
  },
  "dependencies": {
    "@dword-design/dedent": {
      "version": "0.7.0",
      "resolved": "https://registry.npmjs.org/@dword-design/dedent/-/dedent-0.7.0.tgz",
      "integrity": "sha512-OFmAmzKiDUh9m7WRMYcoEOPI7b5tS5hdqQmtKDwF+ZssVJv8a+GHo9VOtFsmlw3h8Roh/9QzFWIsjSFZyQUMdg==",
      "requires": {
        "babel-plugin-add-module-exports": "^1.0.2"
      }
    },
    "@dword-design/endent": {
      "version": "1.4.1",
      "resolved": "https://registry.npmjs.org/@dword-design/endent/-/endent-1.4.1.tgz",
      "integrity": "sha512-e2sCTzth5kyRdM0o+yEb5wBVzUdJL8Y6HblRGRV0Bif0knf1ZjRLhUjdCrqM+Muirb68X/xJzgdRDJVmLqgXGA==",
      "requires": {
        "@dword-design/dedent": "^0.7.0",
        "fast-json-parse": "^1.0.3",
        "objectorarray": "^1.0.3"
      }
    },
    "@dword-design/functions": {
      "version": "4.1.0",
      "resolved": "https://registry.npmjs.org/@dword-design/functions/-/functions-4.1.0.tgz",
      "integrity": "sha512-rPNYH6mADaPMFRoROaHSvnFWExacY7t9oq45Jw++37mqsQay0IX4aHqfAsmWbJPU/wyx1LkqKvNI+mizzpjpYA==",
      "requires": {
        "@dword-design/endent": "^1.0.0",
        "delay": "^5.0.0",
        "lodash": "^4.17.15",
        "tinycolor2": "^1.4.1"
      }
    },
    "babel-plugin-add-module-exports": {
      "version": "1.0.4",
      "resolved": "https://registry.npmjs.org/babel-plugin-add-module-exports/-/babel-plugin-add-module-exports-1.0.4.tgz",
      "integrity": "sha512-g+8yxHUZ60RcyaUpfNzy56OtWW+x9cyEe9j+CranqLiqbju2yf/Cy6ZtYK40EZxtrdHllzlVZgLmcOUCTlJ7Jg=="
    },
    "commander": {
      "version": "8.3.0",
      "resolved": "https://registry.npmjs.org/commander/-/commander-8.3.0.tgz",
      "integrity": "sha512-OkTL9umf+He2DZkUq8f8J9of7yL6RJKI24dVITBmNfZBmri9zYZQrKkuXiKhyfPSu8tUhnVBB1iKXevvnlR4Ww=="
    },
    "delay": {
      "version": "5.0.0",
      "resolved": "https://registry.npmjs.org/delay/-/delay-5.0.0.tgz",
      "integrity": "sha512-ReEBKkIfe4ya47wlPYf/gu5ib6yUG0/Aez0JQZQz94kiWtRQvZIQbTiehsnwHvLSWJnQdhVeqYue7Id1dKr0qw=="
    },
    "fast-json-parse": {
      "version": "1.0.3",
      "resolved": "https://registry.npmjs.org/fast-json-parse/-/fast-json-parse-1.0.3.tgz",
      "integrity": "sha512-FRWsaZRWEJ1ESVNbDWmsAlqDk96gPQezzLghafp5J4GUKjbCz3OkAHuZs5TuPEtkbVQERysLp9xv6c24fBm8Aw=="
    },
    "lodash": {
      "version": "4.17.21",
      "resolved": "https://registry.npmjs.org/lodash/-/lodash-4.17.21.tgz",
      "integrity": "sha512-v2kDEe57lecTulaDIuNTPy3Ry4gLGJ6Z1O3vE1krgXZNrsQ+LFTGHVxVjcXPs17LhbZVGedAJv8XZ1tvj5FvSg=="
    },
    "logger": {
      "version": "0.0.1",
      "resolved": "https://registry.npmjs.org/logger/-/logger-0.0.1.tgz",
      "integrity": "sha512-UD45f4iZrsj6dQKt5QBN7K+R0hmFwGS8G+Pv8WtHjrnhrMQftIclma8b86mNtg1LKB6HDIOW/ZtjnXELBhr89w=="
    },
    "make-cli": {
      "version": "2.0.15",
      "resolved": "https://registry.npmjs.org/make-cli/-/make-cli-2.0.15.tgz",
      "integrity": "sha512-IRg1mC4GoJDTfjGiZuwN9rdeBvskP91jiU4ZKgR+yHmO4XXuhlhh4EofPvP7sg+4FFl37wVnDmUO7pwnx11oqQ==",
      "requires": {
        "@dword-design/functions": "^4.0.0",
        "commander": "^8.0.0"
      }
    },
    "objectorarray": {
      "version": "1.0.5",
      "resolved": "https://registry.npmjs.org/objectorarray/-/objectorarray-1.0.5.tgz",
      "integrity": "sha512-eJJDYkhJFFbBBAxeh8xW+weHlkI28n2ZdQV/J/DNfWfSKlGEf2xcfAbZTv3riEXHAhL9SVOTs2pRmXiSTf78xg=="
    },
    "tinycolor2": {
      "version": "1.4.2",
      "resolved": "https://registry.npmjs.org/tinycolor2/-/tinycolor2-1.4.2.tgz",
      "integrity": "sha512-vJhccZPs965sV/L2sU4oRQVAos0pQXwsvTLkWYdqJ+a8Q5kPFzJTuOFwy7UniPli44NKQGAglksjvOcpo95aZA=="
    }
  }
}
